PODS:
  - Alamofire (3.1.5)
  - SwiftyJSON (2.3.2)
  - VBPieChart (1.2.0)

DEPENDENCIES:
  - Alamofire (~> 3.1.5)
  - SwiftyJSON (~> 2.3.2)
  - VBPieChart (~> 1.2.0)

SPEC CHECKSUMS:
  Alamofire: 5f730ba29fd113b7ddd71c1e65d0c630acf5d7b0
  SwiftyJSON: 04ccea08915aa0109039157c7974cf0298da292a
  VBPieChart: 7d46553bcb9de13afee366acb84d3afcda536929

COCOAPODS: 0.39.0
